{
    "_meta": {
        "hash": {
            "sha256": "812c7628f841666159687ea882bf6673ea3d70b1c613a23f764e16ceca8eb578"
        },
        "pipfile-spec": 6,
        "requires": {
            "python_version": "3.11"
        },
        "sources": [
            {
                "name": "pypi",
                "url": "https://pypi.org/simple",
                "verify_ssl": true
            }
        ]
    },
    "default": {
        "babel": {
            "hashes": [
                "sha256:b80b99a14bd085fcacfa15c9165f651fbb3406e66cc603abf11c5750937c992d",
                "sha256:e2b422b277c2b9a9630c1d7903c2a00d0830c409c59ac8cae9081c92f1aeba35"
            ],
            "index": "pypi",
            "markers": "python_version >= '3.8'",
            "version": "==2.18.0"
        },
        "delorean": {
            "hashes": [
                "sha256:fe67786e12338523848bec5588a658c4d425e12d53eb51cfef870bec8f576134"
            ],
            "index": "pypi",
            "version": "==1.0.0"
        },
        "epc": {
            "hashes": [
                "sha256:a14d2ea74817955a20eb00812e3a4630a132897eb4d976420240f1152c0d7d25"
            ],
            "index": "pypi",
            "version": "==0.0.5"
        },
        "fiscalyear": {
            "hashes": [
                "sha256:12857a48bd7b97bda78d833b29e81f30ec5aa018241f690e714b472b25fa1b47",
                "sha256:8adb8022a76cc52974d059d176ec3f33b2d7a6c1f72ac356702bc70e1e5e4d92"
            ],
            "index": "pypi",
            "markers": "python_version >= '3.6'",
            "version": "==0.4.0"
        },
        "humanize": {
            "hashes": [
                "sha256:1dd098483eb1c7ee8e32eb2e99ad1910baefa4b75c3aff3a82f4d78688993b10",
                "sha256:b1186eb9f5a9749cd9cb8565aee77919dd7c8d076161cf44d70e59e3301e1769"
            ],
            "index": "pypi",
            "markers": "python_version >= '3.10'",
            "version": "==4.15.0"
        },
        "importmagic": {
            "hashes": [
                "sha256:3b6e5f0639153091f3749a41b71ee27e234e1a491cf76f611aef10db6d14a2ca",
                "sha256:8c96784da12c422f6abe1c36e36ca2d1a993e669e9ac8700acf50f43ee1c6902"
            ],
            "index": "pypi",
            "markers": "python_version >= '3.10'",
            "version": "==0.2.0"
        },
        "numpy": {
            "hashes": [
                "sha256:0200b25c687033316fb39f0ff4e3e690e8957a2c3c8d22499891ec58c37a3eb5",
                "sha256:0448e7f9caefb34b4b7dd2b77f21e8906e5d6f0365ad525f9f4f530b13df2afc",
                "sha256:0a195f4216be9305a73c0e91c9b026a35f2161237cf1c6de9b681637772ea657",
                "sha256:0a60e17a14d640f49146cb38e3f105f571318db7826d9b6fef7e4dce758faecd",
                "sha256:120df8c0a81ebbf5b9020c91439fccd85f5e018a927a39f624845be194a2be02",
                "sha256:148d59127ac95979d6f07e4d460f934ebdd6eed641db9c0db6c73026f2b2101a",
                "sha256:1ec84fd7c8e652b0f4aaaf2e6e9cc8eaa9b1b80a537e06b2e3a2fb176eedcb26",
                "sha256:22654fe6be0e5206f553a9250762c653d3698e46686eee53b399ab90da59bd92",
                "sha256:22c31dc07025123aedf7f2db9e91783df13f1776dc52c6b22c620870dc0fab22",
                "sha256:23b46bb6d8ecb68b58c09944483c135ae5f0e9b8d8858ece5e4ead783771d2a9",
                "sha256:2629289168f4897a3c4e23dc98d6f1731f0fc0fe52fb9db19f974041e4cc12b9",
                "sha256:26952e18d82a1dbbc2f008d402021baa8d6fc8e84347a2072a25e08b46d698b9",
                "sha256:29363fbfa6f8ee855d7569c96ce524845e3d726d6c19b29eceec7dd555dab152",
                "sha256:297837823f5bc572c5f9379b0c9f3a3365f08492cbdc33bcc3af174372ebb168",
                "sha256:2abad5c7fef172b3377502bde47892439bae394a71bc329f31df0fd829b41a9e",
                "sha256:2b3f8d2c4589b1a2028d2a770b0fc4d1f332fb5e01521f4de3199a896d158ddd",
                "sha256:2ddb7919366ee468342b91dea2352824c25b55814a987847b6c52003a7c97f15",
                "sha256:2e03c05abaee1f672e9d67bc858f300b5ccba1c21397211e8d77d98350972093",
                "sha256:32e3bef222ad6b052280311d1d60db8e259e4947052c3ae7dd6817451fc8a4c5",
                "sha256:33b3bf58ee84b172c067f56aeadc7ee9ab6de69c5e800ab5b10295d54c581adb",
                "sha256:45f003dbdffb997a03da2d1d0cb41fbd24a87507fb41605c0420a3db5bd4667b",
                "sha256:483a201202b73495f00dbc83796c6ae63137a9bdade074f7648b3e32613412dd",
                "sha256:48da3a4ee1336454b07497ff7ec83903efa5505792c4e6d9bf83d99dc07a1e18",
                "sha256:4b42639cdde6d24e732ff823a3fa5b701d8acad89c4142bc1d0bd6dc85200ba5",
                "sha256:4bd4741a6a676770e0e97fe9ab2e51de01183df3dcbcec591d26d331a40de950",
                "sha256:4d382735cecd7bcf090172489a525cd7d4087bc331f7df9f60ddc9a296cf208e",
                "sha256:52077feedeff7c76ed7c9f1a0428558e50825347b7545bbb8523da2cd55c547a",
                "sha256:54f29b877279d51e210e0c80709ee14ccbbad647810e8f3d375561c45ef613dd",
                "sha256:5884ce5c7acfae1e4e1b6fde43797d10aa506074d25b531b4f54bde33c0c31d4",
                "sha256:5e10da9e93247e554bb1d22f8edc51847ddd7dde52d85ce31024c1b4312bfba0",
                "sha256:61b0cbabbb6126c8df63b9a3a0c4b1f44ebca5e12ff6997b80fcf267fb3150ef",
                "sha256:65f3c2455188f09678355f5cae1f959a06b778bc66d535da07bf2ef20cd319d5",
                "sha256:679f2a834bae9020f81534671c56fd0cc76dd7e5182f57131478e23d0dc59e24",
                "sha256:6bd06731541f89cdc01b261ba2c9e037f1543df7472517836b78dfb15bd6e476",
                "sha256:715de7f82e192e8cae5a507a347d97ad17598f8e026152ca97233e3666daaa71",
                "sha256:737f630a337364665aba3b5a77e56a68cc42d350edd010c345d65a3efa3addcc",
                "sha256:7395e69ff32526710748f92cd8c9849b361830968ea3e24a676f272653e8983e",
                "sha256:76dbb9d4e43c16cf9aa711fcd8de1e2eeb27539dcefb60a1d5e9f12fae1d1ed8",
                "sha256:76f0f283506c28b12bba319c0fab98217e9f9b54e6160e9c79e9f7348ba32e9c",
                "sha256:77e76d932c49a75617c6d13464e41203cd410956614d0a0e999b25e9e8d27eec",
                "sha256:7aa4e54f6469300ebca1d9eb80acd5253cdfa36f2c03d79a35883687da430875",
                "sha256:7d1ce23cce91fcea443320a9d0ece9b9305d4368875bab09538f7a5b4131938a",
                "sha256:7e58765ad74dcebd3ef0208a5078fba32dc8ec3578fe84a604432950cd043d79",
                "sha256:7f3408ff897f8ab07a07fbe2823d7aee6ff644c097cc1f90382511fe982f647f",
                "sha256:8ba7b51e71c05aa1f9bc3641463cd82308eab40ce0d5c7e1fd4038cbf9938147",
                "sha256:8e236dbda4e1d319d681afcbb136c0c4a8e0f1a5c58ceec2adebb547357fe857",
                "sha256:94f3c4a151a2e529adf49c1d54f0f57ff8f9b233ee4d44af623a81553ab86368",
                "sha256:9684823a78a6cd6ad7511fc5e25b07947d1d5b5e2812c93fe99d7d4195130720",
                "sha256:a016db5c5dba78fa8fe9f5d80d6708f9c42ab087a739803c0ac83a43d686a470",
                "sha256:a111698b4a3f8dcbe54c64a7708f049355abd603e619013c346553c1fd4ca90b",
                "sha256:a1988292870c7cb9d0ebb4cc96b4d447513a9644801de54606dc7aabf2b7d920",
                "sha256:a315e5234d88067f2d97e1f2ef670a7569df445d55400f1e33d117418d008d52",
                "sha256:a749547700de0a20a6718293396ec237bb38218049cfce788e08fcb716e8cf73",
                "sha256:a97cbf7e905c435865c2d939af3d93f99d18eaaa3cabe4256f4304fb51604349",
                "sha256:abdce0f71dcb4a00e4e77f3faf05e4616ceccfe72ccaa07f47ee79cda3b7b0f4",
                "sha256:b346845443716c8e542d54112966383b448f4a3ba5c66409771b8c0889485dd3",
                "sha256:b44fd60341c4d9783039598efadd03617fa28d041fc37d22b62d08f2027fa0e7",
                "sha256:bb2e3cf95854233799013779216c57e153c1ee67a0bf92138acca0e429aefaee",
                "sha256:bc71942c789ef415a37f0d4eab90341425a00d538cd0642445d30b41023d3395",
                "sha256:be3b8487d725a77acccc9924f65fd8bce9af7fac8c9820df1049424a2115af6c",
                "sha256:c59020932feb24ed49ffd03704fbab89f22aa9c0d4b180ff45542fe8918f5611",
                "sha256:c6b124bfcafb9e8d3ed09130dbee44848c20b3e758b6bbf006e641778927c028",
                "sha256:c9619741e9da2059cd9c3f206110b97583c7152c1dc9f8aafd4beb450ac1c89d",
                "sha256:cd32fbacb9fd1bf041bf8e89e4576b6f00b895f06d00914820ae06a616bdfef7",
                "sha256:d1b90d840b25874cf5cd20c219af10bac3667db3876d9a495609273ebe679070",
                "sha256:d213c7e6e8d211888cc359bab7199670a00f5b82c0978b9d1c75baf1eddbeac0",
                "sha256:d5f51900414fc9204a0e0da158ba2ac52b75656e7dce7e77fb9f84bfa343b4cc",
                "sha256:d71e379452a2f670ccb689ec801b1218cd3983e253105d6e83780967e899d687",
                "sha256:d84f0f881cb2225c2dfd7f78a10a5645d487a496c6668d6cc39f0f114164f3d0",
                "sha256:decb0eb8a53c3b009b0962378065589685d66b23467ef5dac16cbe818afde27f",
                "sha256:e7dd01a46700b1967487141a66ac1a3cf0dd8ebf1f08db37d46389401512ca97",
                "sha256:eb610595dd91560905c132c709412b512135a60f1851ccbd2c959e136431ff67"
            ],
            "index": "pypi",
            "markers": "python_version >= '3.11'",
            "version": "==2.4.3"
        },
        "pandas": {
            "hashes": [
                "sha256:06aff2ad6f0b94a17822cf8b83bbb563b090ed82ff4fe7712db2ce57cd50d9b8",
                "sha256:0ab749dfba921edf641d4036c4c21c0b3ea70fea478165cb98a998fb2a261955",
                "sha256:0f463ebfd8de7f326d38037c7363c6dacb857c5881ab8961fb387804d6daf2f7",
                "sha256:108dd1790337a494aa80e38def654ca3f0968cf4f362c85f44c15e471667102d",
                "sha256:15860b1fdb1973fffade772fdb931ccf9b2f400a3f5665aef94a00445d7d8dd5",
                "sha256:1849f0bba9c8a2fb0f691d492b834cc8dadf617e29015c66e989448d58d011ee",
                "sha256:1ff8cf1d2896e34343197685f432450ec99a85ba8d90cce2030c5eee2ef98791",
                "sha256:24ba315ba3d6e5806063ac6eb717504e499ce30bd8c236d8693a5fd3f084c796",
                "sha256:331ca75a2f8672c365ae25c0b29e46f5ac0c6551fdace8eec4cd65e4fac271ff",
                "sha256:356e5c055ed9b0da1580d465657bc7d00635af4fd47f30afb23025352ba764d1",
                "sha256:3b66857e983208654294bb6477b8a63dee26b37bdd0eb34d010556e91261784f",
                "sha256:406ce835c55bac912f2a0dcfaf27c06d73c6b04a5dde45f1fd3169ce31337389",
                "sha256:4186a699674af418f655dbd420ed87f50d56b4cd6603784279d9eef6627823c8",
                "sha256:44f1364411d5670efa692b146c748f4ed013df91ee91e9bec5677fb1fd58b937",
                "sha256:476f84f8c20c9f5bc47252b66b4bb25e1a9fc2fa98cead96744d8116cb85771d",
                "sha256:4a68773d5a778afb31d12e34f7dd4612ab90de8c6fb1d8ffe5d4a03b955082a1",
                "sha256:4e1b677accee34a09e0dc2ce5624e4a58a1870ffe56fc021e9caf7f23cd7668f",
                "sha256:5272627187b5d9c20e55d27caf5f2cd23e286aba25cadf73c8590e432e2b7262",
                "sha256:532527a701281b9dd371e2f582ed9094f4c12dd9ffb82c0c54ee28d8ac9520c4",
                "sha256:536232a5fe26dd989bd633e7a0c450705fdc86a207fec7254a55e9a22950fe43",
                "sha256:56cf59638bf24dc9bdf2154c81e248b3289f9a09a6d04e63608c159022352749",
                "sha256:58eeb1b2e0fb322befcf2bbc9ba0af41e616abadb3d3414a6bc7167f6cbfce32",
                "sha256:5ae2ab1f166668b41e770650101e7090824fd34d17915dd9cd479f5c5e0065e9",
                "sha256:661e0f665932af88c7877f31da0dc743fe9c8f2524bdffe23d24fdcb67ef9d56",
                "sha256:6bf0603c2e30e2cafac32807b06435f28741135cb8697eae8b28c7d492fc7d76",
                "sha256:6c426422973973cae1f4a23e51d4ae85974f44871b24844e4f7de752dd877098",
                "sha256:75e6e292ff898679e47a2199172593d9f6107fd2dd3617c22c2946e97d5df46e",
                "sha256:830994d7e1f31dd7e790045235605ab61cff6c94defc774547e8b7fdfbff3dc7",
                "sha256:84f0904a69e7365f79a0c77d3cdfccbfb05bf87847e3a51a41e1426b0edb9c79",
                "sha256:85fe4c4df62e1e20f9db6ebfb88c844b092c22cd5324bdcf94bfa2fc1b391221",
                "sha256:93325b0fe372d192965f4cca88d97667f49557398bbf94abdda3bf1b591dbe66",
                "sha256:94f87a04984d6b63788327cd9f79dda62b7f9043909d2440ceccf709249ca988",
                "sha256:97ca08674e3287c7148f4858b01136f8bdfe7202ad25ad04fec602dd1d29d132",
                "sha256:9832c2c69da24b602c32e0c7b1b508a03949c18ba08d4d9f1c1033426685b447",
                "sha256:99d0f92ed92d3083d140bf6b97774f9f13863924cf3f52a70711f4e7588f9d0a",
                "sha256:9d810036895f9ad6345b8f2a338dd6998a74e8483847403582cab67745bff821",
                "sha256:9fea306c783e28884c29057a1d9baa11a349bbf99538ec1da44c8476563d1b25",
                "sha256:a64ce8b0f2de1d2efd2ae40b0abe7f8ae6b29fbfb3812098ed5a6f8e235ad9bf",
                "sha256:a8d37a43c52917427e897cb2e429f67a449327394396a81034a4449b99afda59",
                "sha256:a9cabbdcd03f1b6cd254d6dda8ae09b0252524be1592594c00b7895916cb1324",
                "sha256:b03f91ae8c10a85c1613102c7bef5229b5379f343030a3ccefeca8a33414cf35",
                "sha256:b8e36891080b87823aff3640c78649b91b8ff6eea3c0d70aeabd72ea43ab069b",
                "sha256:c1a9f55e0f46951874b863d1f3906dcb57df2d9be5c5847ba4dfb55b2c815249",
                "sha256:c3d288439e11b5325b02ae6e9cc83e6805a62c40c5a6220bea9beb899c073b1c",
                "sha256:cd9af1276b5ca9e298bd79a26bda32fa9cc87ed095b2a9a60978d2ca058eaf87",
                "sha256:d54855f04f8246ed7b6fc96b05d4871591143c46c0b6f4af874764ed0d2d6f06",
                "sha256:de09668c1bf3b925c07e5762291602f0d789eca1b3a781f99c1c78f6cac0e7ea",
                "sha256:eca8b4510f6763f3d37359c2105df03a7a221a508f30e396a51d0713d462e68a"
            ],
            "index": "pypi",
            "markers": "python_version >= '3.11'",
            "version": "==3.0.1"
        },
        "pipfile": {
            "hashes": [
                "sha256:f7d9f15de8b660986557eb3cc5391aa1a16207ac41bc378d03f414762d36c984"
            ],
            "index": "pypi",
            "version": "==0.0.2"
        },
        "python-dateutil": {
            "hashes": [
                "sha256:37dd54208da7e1cd875388217d5e00ebd4179249f90fb72437e91a35459a0ad3",
                "sha256:a8b2bc7bffae282281c8140a97d3aa9c14da0b136dfe83f850eea9a5f7470427"
            ],
            "index": "pypi",
            "markers": "python_version >= '2.7' and python_version not in '3.0, 3.1, 3.2'",
            "version": "==2.9.0.post0"
        },
        "pytz": {
            "hashes": [
                "sha256:3378dde6a0c3d26719182142c56e60c7f9af7e968076f31aae569d72a0358ee1",
                "sha256:f2fd16142fda348286a75e1a524be810bb05d444e5a081f37f7affc635035f7a"
            ],
            "index": "pypi",
            "version": "==2026.1.post1"
        },
        "setuptools": {
            "hashes": [
                "sha256:7d872682c5d01cfde07da7bccc7b65469d3dca203318515ada1de5eda35efbf9",
                "sha256:a59e362652f08dcd477c78bb6e7bd9d80a7995bc73ce773050228a348ce2e5bb"
            ],
            "index": "pypi",
            "markers": "python_version >= '3.9'",
            "version": "==82.0.1"
        },
        "sexpdata": {
            "hashes": [
                "sha256:92b67b0361f6766f8f9e44b9519cf3fbcfafa755db85bbf893c3e1cf4ddac109",
                "sha256:b39c918f055a85c5c35c1d4f7930aabb176bd29016e5ba5692e7e849914b2a1a"
            ],
            "markers": "python_version >= '3.7'",
            "version": "==1.0.2"
        },
        "six": {
            "hashes": [
                "sha256:4721f391ed90541fddacab5acf947aa0d3dc7d27b2e1e8eda2be8970586c3274",
                "sha256:ff70335d468e7eb6ec65b95b99d3a2836546063f63acc5171de367e834932a81"
            ],
            "index": "pypi",
            "markers": "python_version >= '2.7' and python_version not in '3.0, 3.1, 3.2'",
            "version": "==1.17.0"
        },
        "toml": {
            "hashes": [
                "sha256:806143ae5bfb6a3c6e736a764057db0e6a0e05e338b5630894a5f779cabb4f9b",
                "sha256:b3bda1d108d5dd99f4a20d24d9c348e91c4db7ab1b749200bded2f839ccbe68f"
            ],
            "markers": "python_version >= '2.6' and python_version not in '3.0, 3.1, 3.2'",
            "version": "==0.10.2"
        },
        "tzlocal": {
            "hashes": [
                "sha256:cceffc7edecefea1f595541dbd6e990cb1ea3d19bf01b2809f362a03dd7921fd",
                "sha256:eb1a66c3ef5847adf7a834f1be0800581b683b5608e74f86ecbcef8ab91bb85d"
            ],
            "index": "pypi",
            "markers": "python_version >= '3.9'",
            "version": "==5.3.1"
        }
    },
    "develop": {
        "black": {
            "hashes": [
                "sha256:0126ae5b7c09957da2bdbd91a9ba1207453feada9e9fe51992848658c6c8e01c",
                "sha256:0f76ff19ec5297dd8e66eb64deda23631e642c9393ab592826fd4bdc97a4bce7",
                "sha256:28ef38aee69e4b12fda8dba75e21f9b4f979b490c8ac0baa7cb505369ac9e1ff",
                "sha256:2bd5aa94fc267d38bb21a70d7410a89f1a1d318841855f698746f8e7f51acd1b",
                "sha256:2c50f5063a9641c7eed7795014ba37b0f5fa227f3d408b968936e24bc0566b07",
                "sha256:2d6bfaf7fd0993b420bed691f20f9492d53ce9a2bcccea4b797d34e947318a78",
                "sha256:41cd2012d35b47d589cb8a16faf8a32ef7a336f56356babd9fcf70939ad1897f",
                "sha256:474c27574d6d7037c1bc875a81d9be0a9a4f9ee95e62800dab3cfaadbf75acd5",
                "sha256:5602bdb96d52d2d0672f24f6ffe5218795736dd34807fd0fd55ccd6bf206168b",
                "sha256:5e9d0d86df21f2e1677cc4bd090cd0e446278bcbbe49bf3659c308c3e402843e",
                "sha256:5ed0ca58586c8d9a487352a96b15272b7fa55d139fc8496b519e78023a8dab0a",
                "sha256:6c54a4a82e291a1fee5137371ab488866b7c86a3305af4026bdd4dc78642e1ac",
                "sha256:6e131579c243c98f35bce64a7e08e87fb2d610544754675d4a0e73a070a5aa3a",
                "sha256:855822d90f884905362f602880ed8b5df1b7e3ee7d0db2502d4388a954cc8c54",
                "sha256:86a8b5035fce64f5dcd1b794cf8ec4d31fe458cf6ce3986a30deb434df82a1d2",
                "sha256:8a33d657f3276328ce00e4d37fe70361e1ec7614da5d7b6e78de5426cb56332f",
                "sha256:92c0ec1f2cc149551a2b7b47efc32c866406b6891b0ee4625e95967c8f4acfb1",
                "sha256:9a5e9f45e5d5e1c5b5c29b3bd4265dcc90e8b92cf4534520896ed77f791f4da5",
                "sha256:afc622538b430aa4c8c853f7f63bc582b3b8030fd8c80b70fb5fa5b834e575c2",
                "sha256:b07fc0dab849d24a80a29cfab8d8a19187d1c4685d8a5e6385a5ce323c1f015f",
                "sha256:b5e6f89631eb88a7302d416594a32faeee9fb8fb848290da9d0a5f2903519fc1",
                "sha256:bf9bf162ed91a26f1adba8efda0b573bc6924ec1408a52cc6f82cb73ec2b142c",
                "sha256:c7e72339f841b5a237ff14f7d3880ddd0fc7f98a1199e8c4327f9a4f478c1839",
                "sha256:ddb113db38838eb9f043623ba274cfaf7d51d5b0c22ecb30afe58b1bb8322983",
                "sha256:dfdd51fc3e64ea4f35873d1b3fb25326773d55d2329ff8449139ebaad7357efb",
                "sha256:f1cd08e99d2f9317292a311dfe578fd2a24b15dbce97792f9c4d752275c1fa56",
                "sha256:f89f2ab047c76a9c03f78d0d66ca519e389519902fa27e7a91117ef7611c0568"
            ],
            "markers": "python_version >= '3.10'",
            "version": "==26.3.1"
        },
        "click": {
            "hashes": [
                "sha256:12ff4785d337a1bb490bb7e9c2b1ee5da3112e94a8622f26a6c77f5d2fc6842a",
                "sha256:981153a64e25f12d547d3426c367a4857371575ee7ad18df2a6183ab0545b2a6"
            ],
            "markers": "python_version >= '3.10'",
            "version": "==8.3.1"
        },
        "docstring-to-markdown": {
            "hashes": [
                "sha256:df72a112294c7492487c9da2451cae0faeee06e86008245c188c5761c9590ca3",
                "sha256:fd7d5094aa83943bf5f9e1a13701866b7c452eac19765380dead666e36d3711c"
            ],
            "markers": "python_version >= '3.7'",
            "version": "==0.17"
        },
        "epc": {
            "hashes": [
                "sha256:a14d2ea74817955a20eb00812e3a4630a132897eb4d976420240f1152c0d7d25"
            ],
            "index": "pypi",
            "version": "==0.0.5"
        },
        "importlib-metadata": {
            "hashes": [
                "sha256:d4ae075d546a9c2db36f0ba957f15f9443c9604e57d0785701621cb7ea2ec5d7",
                "sha256:f05c37e6b05dc776a1f0bfc39b890634476404ec8449427f7db938e236c4c54e"
            ],
            "markers": "python_version >= '3.10'",
            "version": "==8.8.0"
        },
        "importmagic": {
            "hashes": [
                "sha256:3b6e5f0639153091f3749a41b71ee27e234e1a491cf76f611aef10db6d14a2ca",
                "sha256:8c96784da12c422f6abe1c36e36ca2d1a993e669e9ac8700acf50f43ee1c6902"
            ],
            "index": "pypi",
            "markers": "python_version >= '3.10'",
            "version": "==0.2.0"
        },
        "isort": {
            "hashes": [
                "sha256:171ac4ff559cdc060bcfff550bc8404a486fee0caab245679c2abe7cb253c78d",
                "sha256:28b89bc70f751b559aeca209e6120393d43fbe2490de0559662be7a9787e3d75"
            ],
            "index": "pypi",
            "markers": "python_full_version >= '3.10.0'",
            "version": "==8.0.1"
        },
        "jedi": {
            "hashes": [
                "sha256:4770dc3de41bde3966b02eb84fbcf557fb33cce26ad23da12c742fb50ecb11f0",
                "sha256:a8ef22bde8490f57fe5c7681a3c83cb58874daf72b4784de3cce5b6ef6edb5b9"
            ],
            "markers": "python_version >= '3.6'",
            "version": "==0.19.2"
        },
        "mypy-extensions": {
            "hashes": [
                "sha256:1be4cccdb0f2482337c4743e60421de3a356cd97508abadd57d47403e94f5505",
                "sha256:52e68efc3284861e772bbcd66823fde5ae21fd2fdb51c62a211403730b916558"
            ],
            "markers": "python_version >= '3.8'",
            "version": "==1.1.0"
        },
        "packaging": {
            "hashes": [
                "sha256:00243ae351a257117b6a241061796684b084ed1c516a08c48a3f7e147a9d80b4",
                "sha256:b36f1fef9334a5588b4166f8bcd26a14e521f2b55e6b9de3aaa80d3ff7a37529"
            ],
            "markers": "python_version >= '3.8'",
            "version": "==26.0"
        },
        "parso": {
            "hashes": [
                "sha256:2b9a0332696df97d454fa67b81618fd69c35a7b90327cbe6ba5c92d2c68a7bfd",
                "sha256:2c549f800b70a5c4952197248825584cb00f033b29c692671d3bf08bf380baff"
            ],
            "markers": "python_version >= '3.6'",
            "version": "==0.8.6"
        },
        "pathspec": {
            "hashes": [
                "sha256:0210e2ae8a21a9137c0d470578cb0e595af87edaa6ebf12ff176f14a02e0e645",
                "sha256:fb6ae2fd4e7c921a165808a552060e722767cfa526f99ca5156ed2ce45a5c723"
            ],
            "markers": "python_version >= '3.9'",
            "version": "==1.0.4"
        },
        "platformdirs": {
            "hashes": [
                "sha256:1ec356301b7dc906d83f371c8f487070e99d3ccf9e501686456394622a01a934",
                "sha256:68a9a4619a666ea6439f2ff250c12a853cd1cbd5158d258bd824a7df6be2f868"
            ],
            "markers": "python_version >= '3.10'",
            "version": "==4.9.4"
        },
        "pluggy": {
            "hashes": [
                "sha256:7dcc130b76258d33b90f61b658791dede3486c3e6bfb003ee5c9bfb396dd22f3",
                "sha256:e920276dd6813095e9377c0bc5566d94c932c33b27a3e3945d8389c374dd4746"
            ],
            "markers": "python_version >= '3.9'",
            "version": "==1.6.0"
        },
        "python-lsp-jsonrpc": {
            "hashes": [
                "sha256:4688e453eef55cd952bff762c705cedefa12055c0aec17a06f595bcc002cc912",
                "sha256:7339c2e9630ae98903fdaea1ace8c47fba0484983794d6aafd0bd8989be2b03c"
            ],
            "markers": "python_version >= '3.8'",
            "version": "==1.1.2"
        },
        "python-lsp-server": {
            "hashes": [
                "sha256:509c445fc667f41ffd3191cb7512a497bf7dd76c14ceb1ee2f6c13ebe71f9a6b",
                "sha256:a71a917464effc48f4c70363f90b8520e5e3ba8201428da80b97a7ceb259e32a"
            ],
            "index": "pypi",
            "markers": "python_version >= '3.9'",
            "version": "==1.14.0"
        },
        "pytokens": {
            "hashes": [
                "sha256:0fc71786e629cef478cbf29d7ea1923299181d0699dbe7c3c0f4a583811d9fc1",
                "sha256:11edda0942da80ff58c4408407616a310adecae1ddd22eef8c692fe266fa5009",
                "sha256:140709331e846b728475786df8aeb27d24f48cbcf7bcd449f8de75cae7a45083",
                "sha256:24afde1f53d95348b5a0eb19488661147285ca4dd7ed752bbc3e1c6242a304d1",
                "sha256:26cef14744a8385f35d0e095dc8b3a7583f6c953c2e3d269c7f82484bf5ad2de",
                "sha256:27b83ad28825978742beef057bfe406ad6ed524b2d28c252c5de7b4a6dd48fa2",
                "sha256:292052fe80923aae2260c073f822ceba21f3872ced9a68bb7953b348e561179a",
                "sha256:29d1d8fb1030af4d231789959f21821ab6325e463f0503a61d204343c9b355d1",
                "sha256:2a44ed93ea23415c54f3face3b65ef2b844d96aeb3455b8a69b3df6beab6acc5",
                "sha256:30f51edd9bb7f85c748979384165601d028b84f7bd13fe14d3e065304093916a",
                "sha256:34bcc734bd2f2d5fe3b34e7b3c0116bfb2397f2d9666139988e7a3eb5f7400e3",
                "sha256:3ad72b851e781478366288743198101e5eb34a414f1d5627cdd585ca3b25f1db",
                "sha256:3f901fe783e06e48e8cbdc82d631fca8f118333798193e026a50ce1b3757ea68",
                "sha256:42f144f3aafa5d92bad964d471a581651e28b24434d184871bd02e3a0d956037",
                "sha256:4a14d5f5fc78ce85e426aa159489e2d5961acf0e47575e08f35584009178e321",
                "sha256:4a58d057208cb9075c144950d789511220b07636dd2e4708d5645d24de666bdc",
                "sha256:4e691d7f5186bd2842c14813f79f8884bb03f5995f0575272009982c5ac6c0f7",
                "sha256:5502408cab1cb18e128570f8d598981c68a50d0cbd7c61312a90507cd3a1276f",
                "sha256:584c80c24b078eec1e227079d56dc22ff755e0ba8654d8383b2c549107528918",
                "sha256:5ad948d085ed6c16413eb5fec6b3e02fa00dc29a2534f088d3302c47eb59adf9",
                "sha256:670d286910b531c7b7e3c0b453fd8156f250adb140146d234a82219459b9640c",
                "sha256:682fa37ff4d8e95f7df6fe6fe6a431e8ed8e788023c6bcc0f0880a12eab80ad1",
                "sha256:6d6c4268598f762bc8e91f5dbf2ab2f61f7b95bdc07953b602db879b3c8c18e1",
                "sha256:79fc6b8699564e1f9b521582c35435f1bd32dd06822322ec44afdeba666d8cb3",
                "sha256:8bdb9d0ce90cbf99c525e75a2fa415144fd570a1ba987380190e8b786bc6ef9b",
                "sha256:8fcb9ba3709ff77e77f1c7022ff11d13553f3c30299a9fe246a166903e9091eb",
                "sha256:941d4343bf27b605e9213b26bfa1c4bf197c9c599a9627eb7305b0defcfe40c1",
                "sha256:967cf6e3fd4adf7de8fc73cd3043754ae79c36475c1c11d514fc72cf5490094a",
                "sha256:970b08dd6b86058b6dc07efe9e98414f5102974716232d10f32ff39701e841c4",
                "sha256:97f50fd18543be72da51dd505e2ed20d2228c74e0464e4262e4899797803d7fa",
                "sha256:9bd7d7f544d362576be74f9d5901a22f317efc20046efe2034dced238cbbfe78",
                "sha256:add8bf86b71a5d9fb5b89f023a80b791e04fba57960aa790cc6125f7f1d39dfe",
                "sha256:b35d7e5ad269804f6697727702da3c517bb8a5228afa450ab0fa787732055fc9",
                "sha256:b49750419d300e2b5a3813cf229d4e5a4c728dae470bcc89867a9ad6f25a722d",
                "sha256:d31b97b3de0f61571a124a00ffe9a81fb9939146c122c11060725bd5aea79975",
                "sha256:d70e77c55ae8380c91c0c18dea05951482e263982911fc7410b1ffd1dadd3440",
                "sha256:d9907d61f15bf7261d7e775bd5d7ee4d2930e04424bab1972591918497623a16",
                "sha256:da5baeaf7116dced9c6bb76dc31ba04a2dc3695f3d9f74741d7910122b456edc",
                "sha256:dc74c035f9bfca0255c1af77ddd2d6ae8419012805453e4b0e7513e17904545d",
                "sha256:dcafc12c30dbaf1e2af0490978352e0c4041a7cde31f4f81435c2a5e8b9cabb6",
                "sha256:ee44d0f85b803321710f9239f335aafe16553b39106384cef8e6de40cb4ef2f6",
                "sha256:f66a6bbe741bd431f6d741e617e0f39ec7257ca1f89089593479347cc4d13324"
            ],
            "markers": "python_version >= '3.8'",
            "version": "==0.4.1"
        },
        "setuptools": {
            "hashes": [
                "sha256:7d872682c5d01cfde07da7bccc7b65469d3dca203318515ada1de5eda35efbf9",
                "sha256:a59e362652f08dcd477c78bb6e7bd9d80a7995bc73ce773050228a348ce2e5bb"
            ],
            "index": "pypi",
            "markers": "python_version >= '3.9'",
            "version": "==82.0.1"
        },
        "sexpdata": {
            "hashes": [
                "sha256:92b67b0361f6766f8f9e44b9519cf3fbcfafa755db85bbf893c3e1cf4ddac109",
                "sha256:b39c918f055a85c5c35c1d4f7930aabb176bd29016e5ba5692e7e849914b2a1a"
            ],
            "markers": "python_version >= '3.7'",
            "version": "==1.0.2"
        },
        "typing-extensions": {
            "hashes": [
                "sha256:0cea48d173cc12fa28ecabc3b837ea3cf6f38c6d1136f85cbaaf598984861466",
                "sha256:f0fa19c6845758ab08074a0cfa8b7aecb71c999ca73d62883bc25cc018c4e548"
            ],
            "markers": "python_version >= '3.9'",
            "version": "==4.15.0"
        },
        "ujson": {
            "hashes": [
                "sha256:006428d3813b87477d72d306c40c09f898a41b968e57b15a7d88454ecc42a3fb",
                "sha256:02f93da7a4115e24f886b04fd56df1ee8741c2ce4ea491b7ab3152f744ad8f8e",
                "sha256:0727363b05ab05ee737a28f6200dc4078bce6b0508e10bd8aab507995a15df61",
                "sha256:085b6ce182cdd6657481c7c4003a417e0655c4f6e58b76f26ee18f0ae21db827",
                "sha256:09b4beff9cc91d445d5818632907b85fb06943b61cb346919ce202668bf6794a",
                "sha256:0a3ae28f0b209be5af50b54ca3e2123a3de3a57d87b75f1e5aa3d7961e041983",
                "sha256:0d2e8db5ade3736a163906154ca686203acc7d1d30736cbf577c730d13653d84",
                "sha256:0e00cec383eab2406c9e006bd4edb55d284e94bb943fda558326048178d26961",
                "sha256:0fe6b8b8968e11dd9b2348bd508f0f57cf49ab3512064b36bc4117328218718e",
                "sha256:0fe9128e75c6aa6e9ae06c1408d6edd9179a2fef0fe6d9cda3166b887eba521d",
                "sha256:14b2e1eb528d77bc0f4c5bd1a7ebc05e02b5b41beefb7e8567c9675b8b13bcf4",
                "sha256:15d416440148f3e56b9b244fdaf8a09fcf5a72e4944b8e119f5bf60417a2bfc8",
                "sha256:15e555c4caca42411270b2ed2b2ebc7b3a42bb04138cef6c956e1f1d49709fe2",
                "sha256:16b4fe9c97dc605f5e1887a9e1224287291e35c56cbc379f8aa44b6b7bcfe2bb",
                "sha256:1b5c6ceb65fecd28a1d20d1eba9dbfa992612b86594e4b6d47bb580d2dd6bcb3",
                "sha256:1d072a403d82aef8090c6d4f728e3a727dfdba1ad3b7fa3a052c3ecbd37e73cb",
                "sha256:2324d9a0502317ffc35d38e153c1b2fa9610ae03775c9d0f8d0cca7b8572b04e",
                "sha256:2a248750abce1c76fbd11b2e1d88b95401e72819295c3b851ec73399d6849b3d",
                "sha256:2ea6206043385343aff0b7da65cf73677f6f5e50de8f1c879e557f4298cac36a",
                "sha256:31348a0ffbfc815ce78daac569d893349d85a0b57e1cd2cdbba50b7f333784da",
                "sha256:38051f36423f084b909aaadb3b41c9c6a2958e86956ba21a8489636911e87504",
                "sha256:3c2f947e55d3c7cfe124dd4521ee481516f3007d13c6ad4bf6aeb722e190eb1b",
                "sha256:3ed5cb149892141b1e77ef312924a327f2cc718b34247dae346ed66329e1b8be",
                "sha256:3ff4ede90ed771140caa7e1890de17431763a483c54b3c1f88bd30f0cc1affc0",
                "sha256:40aa43a7a3a8d2f05e79900858053d697a88a605e3887be178b43acbcd781161",
                "sha256:42d875388fbd091c7ea01edfff260f839ba303038ffb23475ef392012e4d63dd",
                "sha256:457fabc2700a8e6ddb85bc5a1d30d3345fe0d3ec3ee8161a4e032ec585801dfa",
                "sha256:460e76a4daff214ae33ab959494962c93918cb44714ea3e3f748b14aa37f8a87",
                "sha256:50524f4f6a1c839714dbaff5386a1afb245d2d5ec8213a01fbc99cea7307811e",
                "sha256:51acc750ec7a2df786cdc868fb16fa04abd6269a01d58cf59bafc57978773d8e",
                "sha256:55ede2a7a051b3b7e71a394978a098d71b3783e6b904702ff45483fad434ae2d",
                "sha256:561f89cc82deeae82e37d4a4764184926fb432f740a9691563a391b13f7339a4",
                "sha256:56ba3f7abbd6b0bb282a544dc38406d1a188d8bb9164f49fdb9c2fee62cb29da",
                "sha256:57930ac9519099b852e190d2c04b1fb5d97ea128db33bce77ed874eccb4c7f09",
                "sha256:58a11cb49482f1a095a2bd9a1d81dd7c8fb5d2357f959ece85db4e46a825fd00",
                "sha256:64df53eef4ac857eb5816a56e2885ccf0d7dff6333c94065c93b39c51063e01d",
                "sha256:6879aed770557f0961b252648d36f6fdaab41079d37a2296b5649fd1b35608e0",
                "sha256:6ad57654570464eb1b040b5c353dee442608e06cff9102b8fcb105565a44c9ed",
                "sha256:6c0aed6a4439994c9666fb8a5b6c4eac94d4ef6ddc95f9b806a599ef83547e3b",
                "sha256:76bf3e7406cf23a3e1ca6a23fb1fb9ea82f4f6bd226fe226e09146b0194f85dc",
                "sha256:7bbf05c38debc90d1a195b11340cc85cb43ab3e753dc47558a3a84a38cbc72da",
                "sha256:7ddb08b3c2f9213df1f2e3eb2fbea4963d80ec0f8de21f0b59898e34f3b3d96d",
                "sha256:7e07f6f644d2c44d53b7a320a084eef98063651912c1b9449b5f45fcbdc6ccd2",
                "sha256:85833bca01aa5cae326ac759276dc175c5fa3f7b3733b7d543cf27f2df12d1ef",
                "sha256:8712b61eb1b74a4478cfd1c54f576056199e9f093659334aeb5c4a6b385338e5",
                "sha256:871c0e5102e47995b0e37e8df7819a894a6c3da0d097545cd1f9f1f7d7079927",
                "sha256:89e302abd3749f6d6699691747969a5d85f7c73081d5ed7e2624c7bd9721a2ab",
                "sha256:937794042342006f707837f38d721426b11b0774d327a2a45c0bd389eb750a87",
                "sha256:93bc91fdadcf046da37a214eaa714574e7e9b1913568e93bb09527b2ceb7f759",
                "sha256:94c5f1621cbcab83c03be46441f090b68b9f307b6c7ec44d4e3f6d5997383df4",
                "sha256:973b7d7145b1ac553a7466a64afa8b31ec2693d7c7fff6a755059e0a2885dfd2",
                "sha256:99cc80facad240b0c2fb5a633044420878aac87a8e7c348b9486450cba93f27c",
                "sha256:9a5fcbe7b949f2e95c47ea8a80b410fcdf2da61c98553b45a4ee875580418b68",
                "sha256:9b3b86ec3e818f3dd3e13a9de628e88a9990f4af68ecb0b12dd3de81227f0a26",
                "sha256:9b3cf13facf6f77c283af0e1713e5e8c47a0fe295af81326cb3cb4380212e797",
                "sha256:9c5a52987a990eb1bae55f9000994f1afdb0326c154fb089992f839ab3c30688",
                "sha256:a2d79c6635ccffcbfc1d5c045874ba36b594589be81d50d43472570bb8de9c57",
                "sha256:a6ec5bf6bc361f2f0f9644907a36ce527715b488988a8df534120e5c34eeda94",
                "sha256:a7bf9cc97f05048ac8f3e02cd58f0fe62b901453c24345bfde287f4305dcc31c",
                "sha256:ab9056d94e5db513d9313b34394f3a3b83e6301a581c28ad67773434f3faccab",
                "sha256:adf28d13a33f9d750fe7a78fb481cac298fa257d8863d8727b2ea4455ea41235",
                "sha256:b62cb9a7501e1f5c9ffe190485501349c33e8862dde4377df774e40b8166871f",
                "sha256:bacbd3c69862478cbe1c7ed4325caedec580d8acf31b8ee1b9a1e02a56295cad",
                "sha256:bb349dbba57c76eec25e5917e07f35aabaf0a33b9e67fc13d188002500106487",
                "sha256:bd03472c36fa3a386a6deb887113b9e3fa40efba8203eb4fe786d3c0ccc724f6",
                "sha256:bf85a00ac3b56a1e7a19c5be7b02b5180a0895ac4d3c234d717a55e86960691c",
                "sha256:ca0c7ce828bb76ab78b3991904b477c2fd0f711d7815c252d1ef28ff9450b052",
                "sha256:ccbfd94e59aad4a2566c71912b55f0547ac1680bfac25eb138e6703eb3dd434e",
                "sha256:d1831c07bd4dce53c4b666fa846c7eba4b7c414f2e641a4585b7f50b72f502dc",
                "sha256:d22cad98c2a10bbf6aa083a8980db6ed90d4285a841c4de892890c2b28286ef9",
                "sha256:d30ad4359413c8821cc7b3707f7ca38aa8bc852ba3b9c5a759ee2d7740157315",
                "sha256:e0dd3676ea0837cd70ea1879765e9e9f6be063be0436de9b3ea4b775caf83654",
                "sha256:e584d0cdd37cac355aca52ed788d1a2d939d6837e2870d3b70e585db24025a50",
                "sha256:e6369ac293d2cc40d52577e4fa3d75a70c1aae2d01fa3580a34a4e6eff9286b9",
                "sha256:efae5df7a8cc8bdb1037b0f786b044ce281081441df5418c3a0f0e1f86fe7bb3",
                "sha256:f19b3af31d02a2e79c5f9a6deaab0fb3c116456aeb9277d11720ad433de6dfc6",
                "sha256:f7a0430d765f9bda043e6aefaba5944d5f21ec43ff4774417d7e296f61917382",
                "sha256:fb94245a715b4d6e24689de12772b85329a1f9946cbf6187923a64ecdea39e65"
            ],
            "markers": "python_version >= '3.10'",
            "version": "==5.12.0"
        },
        "zipp": {
            "hashes": [
                "sha256:071652d6115ed432f5ce1d34c336c0adfd6a884660d1e9712a256d3d3bd4b14e",
                "sha256:a07157588a12518c9d4034df3fbbee09c814741a33ff63c05fa29d26a2404166"
            ],
            "markers": "python_version >= '3.9'",
            "version": "==3.23.0"
        }
    }
}
