{
    "_meta": {
        "hash": {
            "sha256": "8197b998337bbe128758255bcfacf72a28c5146c9acf4ad348cac78daf1553ef"
        },
        "pipfile-spec": 6,
        "requires": {
            "python_version": "3.9"
        },
        "sources": [
            {
                "name": "pypi",
                "url": "https://pypi.org/simple",
                "verify_ssl": true
            }
        ]
    },
    "default": {
        "babel": {
            "hashes": [
                "sha256:ab49e12b91d937cd11f0b67cb259a57ab4ad2b59ac7a3b41d6c06c0ac5b0def9",
                "sha256:bc0c176f9f6a994582230df350aa6e05ba2ebe4b3ac317eab29d9be5d2768da0"
            ],
            "index": "pypi",
            "version": "==2.9.1"
        },
        "delorean": {
            "hashes": [
                "sha256:fe67786e12338523848bec5588a658c4d425e12d53eb51cfef870bec8f576134"
            ],
            "index": "pypi",
            "version": "==1.0.0"
        },
        "fiscalyear": {
            "hashes": [
                "sha256:0697b2af4ab2d4c6188fac33d340f31dea9b0e1f0d3666d6752faeedd744f019",
                "sha256:183ca2f590d6e4fc27780c7078fb825235cb6dbd3dd2857b3a4828b3ef21c5bd",
                "sha256:79f0cdc1fa8334397863b12c915951e6279261c27db2948168d36b375a32ec1b"
            ],
            "index": "pypi",
            "version": "==0.3.2"
        },
        "humanize": {
            "hashes": [
                "sha256:2cc4f7d2f5994ea9fcddd4b681ddea9abd23baa8cc64bd0af041a0162636f31c",
                "sha256:892a5b7b87763c4c6997a58382c2b1f4614048a2e01c23ef1bb0456e6f9d4d5d"
            ],
            "index": "pypi",
            "version": "==3.9.0"
        },
        "python-dateutil": {
            "hashes": [
                "sha256:73ebfe9dbf22e832286dafa60473e4cd239f8592f699aa5adaf10050e6e1823c",
                "sha256:75bb3f31ea686f1197762692a9ee6a7550b59fc6ca3a1f4b5d7e32fb98e2da2a"
            ],
            "index": "pypi",
            "version": "==2.8.1"
        },
        "pytz": {
            "hashes": [
                "sha256:83a4a90894bf38e243cf052c8b58f381bfe9a7a483f6a9cab140bc7f702ac4da",
                "sha256:eb10ce3e7736052ed3623d49975ce333bcd712c7bb19a58b9e2089d4057d0798"
            ],
            "index": "pypi",
            "version": "==2021.1"
        },
        "six": {
            "hashes": [
                "sha256:1e61c37477a1626458e36f7b1d82aa5c9b094fa4802892072e49de9c60c4c926",
                "sha256:8abb2f1d86890a2dfb989f9a77cfcfd3e47c2a354b01111771326f8aa26e0254"
            ],
            "index": "pypi",
            "version": "==1.16.0"
        },
        "tzlocal": {
            "hashes": [
                "sha256:643c97c5294aedc737780a49d9df30889321cbe1204eac2c2ec6134035a92e44",
                "sha256:e2cb6c6b5b604af38597403e9852872d7f534962ae2954c7f35efcb1ccacf4a4"
            ],
            "index": "pypi",
            "version": "==2.1"
        }
    },
    "develop": {}
}
